
Microsoft Visual Studio Solution File, Format Version 12.00
# Visual Studio 2013
VisualStudioVersion = 12.0.30501.0
MinimumVisualStudioVersion = 10.0.40219.1
Project("{E24C65DC-7377-472B-9ABA-BC803B73C61A}") = "ASP.NET", "http://localhost:63617", "{7F13E776-EC68-490E-B7F2-C3EBCA0A53DE}"
	ProjectSection(WebsiteProperties) = preProject
		UseIISExpress = "true"
		TargetFrameworkMoniker = ".NETFramework,Version%3Dv2.0"
		Debug.AspNetCompiler.VirtualPath = "/localhost_63617"
		Debug.AspNetCompiler.PhysicalPath = "..\FronEndClassicDev\"
		Debug.AspNetCompiler.TargetPath = "PrecompiledWeb\localhost_63617\"
		Debug.AspNetCompiler.Updateable = "true"
		Debug.AspNetCompiler.ForceOverwrite = "true"
		Debug.AspNetCompiler.FixedNames = "false"
		Debug.AspNetCompiler.Debug = "True"
		Release.AspNetCompiler.VirtualPath = "/localhost_63617"
		Release.AspNetCompiler.PhysicalPath = "..\FronEndClassicDev\"
		Release.AspNetCompiler.TargetPath = "PrecompiledWeb\localhost_63617\"
		Release.AspNetCompiler.Updateable = "true"
		Release.AspNetCompiler.ForceOverwrite = "true"
		Release.AspNetCompiler.FixedNames = "false"
		Release.AspNetCompiler.Debug = "False"
		SlnRelativePath = "..\FronEndClassicDev\"
	EndProjectSection
EndProject
Global
	GlobalSection(SolutionConfigurationPlatforms) = preSolution
		Debug|Any CPU = Debug|Any CPU
	EndGlobalSection
	GlobalSection(ProjectConfigurationPlatforms) = postSolution
		{7F13E776-EC68-490E-B7F2-C3EBCA0A53DE}.Debug|Any CPU.ActiveCfg = Debug|Any CPU
		{7F13E776-EC68-490E-B7F2-C3EBCA0A53DE}.Debug|Any CPU.Build.0 = Debug|Any CPU
	EndGlobalSection
	GlobalSection(SolutionProperties) = preSolution
		HideSolutionNode = FALSE
	EndGlobalSection
EndGlobal
